{
    "_meta": {
        "sources": [
            {
                "url": "https://pypi.python.org/simple",
                "verify_ssl": true
            }
        ],
        "requires": {},
        "hash": {
            "sha256": "2145aba05398289a5fa16c4a880ff784187307d268fd8b7d1454290b82ea0047"
        }
    },
    "default": {
        "dj-database-url": {
            "hash": "sha256:e16d94c382ea0564c48038fa7fe8d9c890ef1ab1a8ec4cb48e732c124b9482fd",
            "version": "==0.4.2"
        },
        "django": {
            "hash": "sha256:4541a60834f28f308ee7b6e96400feca905fb0de473eb9dad6847e98a36d86d4",
            "version": "==1.10.5"
        },
        "djangorestframework": {
            "hash": "sha256:110afa12784ceadfb50808882689302d266785b51e3d13286744333ff6d78e60",
            "version": "==3.5.4"
        },
        "google-api-python-client": {
            "hash": "sha256:c0f4bcf398c937a43f382eecb384ba9b3a97ef9c24b156420b1b396fcaadd0af",
            "version": "==1.6.2"
        },
        "gunicorn": {
            "hash": "sha256:723234ea1fa8dff370ab69830ba8bc37469a7cba13fd66055faeef24085e6530",
            "version": "==19.6.0"
        },
        "httplib2": {
            "hash": "sha256:e404d3b7bd86c1bc931906098e7c1305d6a3a6dcef141b8bb1059903abb3ceeb",
            "version": "==0.10.3"
        },
        "oauth2client": {
            "hash": "sha256:f8ff4ad855b8917cdf213a33719e874d0fab1c26d44b2f08c9dfd7a5781889f5",
            "version": "==4.0.0"
        },
        "psycopg2": {
            "hash": "sha256:70490e12ed9c5c818ecd85d185d363335cc8a8cbf7212e3c185431c79ff8c05c",
            "version": "==2.6.2"
        },
        "pyasn1": {
            "hash": "sha256:d4178dce4243b5177afb5410156941fdc956288413ca676a56135cfeb008eba5",
            "version": "==0.2.2"
        },
        "pyasn1-modules": {
            "hash": "sha256:6c955210b86fcff3420957072280560ddaf183aa761fb76240c20c322e01021d",
            "version": "==0.0.8"
        },
        "pylast": {
            "hash": "sha256:85f8dd96aef0ccba5f80379c3d7bc1fabd72f59aebab040daf40a8b72268f9bd",
            "version": "==1.8.0"
        },
        "pytz": {
            "hash": "sha256:a1ea35e87a63c7825846d5b5c81d23d668e8a102d3b1b465ce95afe1b3a2e065",
            "version": "==2016.10"
        },
        "rsa": {
            "hash": "sha256:43f682fea81c452c98d09fc316aae12de6d30c4b5c84226642cf8f8fd1c93abd",
            "version": "==3.4.2"
        },
        "six": {
            "hash": "sha256:0ff78c403d9bccf5a425a6d31a12aa6b47f1c21ca4dc2573a7e2f32a97335eb1",
            "version": "==1.10.0"
        },
        "uritemplate": {
            "hash": "sha256:1b9c467a940ce9fb9f50df819e8ddd14696f89b9a8cc87ac77952ba416e0a8fd",
            "version": "==3.0.0"
        },
        "whitenoise": {
            "hash": "sha256:1d62a003a0ab747de96da45c831cbb512dcb7f69c1ef0bd20b1cd4ae45d8a0c4",
            "version": "==3.3.0"
        }
    },
    "develop": {
        "appdirs": {
            "hash": "sha256:85e58578db8f29538f3109c11250c2a5514a2fcdc9890d9b2fe777eb55517736",
            "version": "==1.4.0"
        },
        "argh": {
            "hash": "sha256:a9b3aaa1904eeb78e32394cd46c6f37ac0fb4af6dc488daa58971bdc7d7fcaf3",
            "version": "==0.26.2"
        },
        "backports.shutil-get-terminal-size": {
            "hash": "sha256:0975ba55054c15e346944b38956a4c9cbee9009391e41b86c68990effb8c1f64",
            "version": "==1.0.0"
        },
        "colorama": {
            "hash": "sha256:a4c0f5bc358a62849653471e309dcc991223cf86abafbec17cd8f41327279e89",
            "version": "==0.3.7"
        },
        "coverage": {
            "hash": "sha256:8b282292973a1dc4eccfcc0776e0fde75b5b3de2e35164c2d854f7dd80149e4b",
            "version": "==4.3.4"
        },
        "coverage.space": {
            "hash": "sha256:07d4a01a500f4070597fa3aa4ee3a305abcb02c20ea6d24a09d6fc3ca9a655df",
            "version": "==0.7"
        },
        "docopt": {
            "hash": "sha256:49b3a825280bd66b3aa83585ef59c4a8c82f2c8a522dbe754a8bc8d08c85c491",
            "version": "==0.6.2"
        },
        "packaging": {
            "hash": "sha256:99276dc6e3a7851f32027a68f1095cd3f77c148091b092ea867a351811cfe388",
            "version": "==16.8"
        },
        "pathtools": {
            "hash": "sha256:7c35c5421a39bb82e58018febd90e3b6e5db34c5443aaaf742b3f33d4655f1c0",
            "version": "==0.1.2"
        },
        "py": {
            "hash": "sha256:2d4bba2e25fff58140e6bdce1e485e89bb59776adbe01d490baa6b1f37a3dd6b",
            "version": "==1.4.32"
        },
        "pycodestyle": {
            "hash": "sha256:6c4245ade1edfad79c3446fadfc96b0de2759662dc29d07d80a6f27ad1ca6ba9",
            "version": "==2.3.1"
        },
        "pyparsing": {
            "hash": "sha256:67101d7acee692962f33dd30b5dce079ff532dd9aa99ff48d52a3dad51d2fe84",
            "version": "==2.1.10"
        },
        "pytest": {
            "hash": "sha256:ccc23b4aab3ef3e19e731de9baca73f3b1a7e610d9ec65b28c36a5a3305f0349",
            "version": "==2.9.2"
        },
        "pytest-describe": {
            "hash": "sha256:c592f1294e4455cebe88f162a1475e347c0668ce256c4d1a4ccd21d6c5f51827",
            "version": "==0.11.0"
        },
        "pytest-watch": {
            "hash": "sha256:29941f6ff74e6d85cc0796434a5cbc27ebe51e91ed24fd0757fad5cc6fd3d491",
            "version": "==4.1.0"
        },
        "pytest-cov": {
            "hash": "sha256:10e37e876f49ddec80d6c83a54b657157f1387ebc0f7755285f8c156130014a1",
            "version": "==2.4.0"
        },
        "pytest-django": {
            "hash": "sha256:00995c2999b884a38ae9cd30a8c00ed32b3d38c1041250ea84caf18085589662",
            "version": "==3.1.2"
        },
        "pytest-expecter": {
            "hash": "sha256:9c6ed4d26df0e80a31b2c6ad86a959593f0c5b2459ea366496c45d9bbd9d358a",
            "version": "==0.2.2.post3"
        },
        "PyYAML": {
            "hash": "sha256:592766c6303207a20efc445587778322d7f73b161bd994f227adaa341ba212ab",
            "version": "==3.12"
        },
        "requests": {
            "hash": "sha256:1a720e8862a41aa22e339373b526f508ef0c8988baf48b84d3fc891a8e237efb",
            "version": "==2.13.0"
        },
        "setuptools": {
            "hash": "sha256:75d352eeeddd96a3fb702b1da9f8b89e5f8c045dbd86e3894516733eb5f99713",
            "version": "==34.2.0"
        },
        "six": {
            "hash": "sha256:0ff78c403d9bccf5a425a6d31a12aa6b47f1c21ca4dc2573a7e2f32a97335eb1",
            "version": "==1.10.0"
        },
        "watchdog": {
            "hash": "sha256:7e65882adb7746039b6f3876ee174952f8eaaa34491ba34333ddf1fe35de4162",
            "version": "==0.8.3"
        }
    }
}