{
    "_meta": {
        "sources": [
            {
                "url": "https://pypi.python.org/simple",
                "verify_ssl": true
            }
        ],
        "requires": {},
        "Pipfile-sha256": "7c780093e61c9fbf9bfb72f93e9c011184f074534a8797f2786e56b0de0b2fac"
    },
    "default": {
        "django": "==1.10.0",
        "gunicorn": {
            "hash": "sha256:723234ea1fa8dff370ab69830ba8bc37469a7cba13fd66055faeef24085e6530",
            "version": "==19.6.0"
        },
        "Django": {
            "hash": "sha256:9c60f4a801bf7c26bd6824c1062550c12c373344116703461c18cc258f8c9320",
            "version": "==1.10"
        }
    },
    "develop": {
        "pytest": {
            "hash": "sha256:da0ab50c7eec0683bc24f1c1137db1f4111752054ecdad63125e7ec71316b813",
            "version": "==3.0.6"
        },
        "appdirs": {
            "hash": "sha256:85e58578db8f29538f3109c11250c2a5514a2fcdc9890d9b2fe777eb55517736",
            "version": "==1.4.0"
        },
        "packaging": {
            "hash": "sha256:99276dc6e3a7851f32027a68f1095cd3f77c148091b092ea867a351811cfe388",
            "version": "==16.8"
        },
        "py": {
            "hash": "sha256:2d4bba2e25fff58140e6bdce1e485e89bb59776adbe01d490baa6b1f37a3dd6b",
            "version": "==1.4.32"
        },
        "pyparsing": {
            "hash": "sha256:67101d7acee692962f33dd30b5dce079ff532dd9aa99ff48d52a3dad51d2fe84",
            "version": "==2.1.10"
        },
        "setuptools": {
            "hash": "sha256:f9ac44de8b36a13ce35d2989052a295a548c9fe5a161fb066dff53592200aa12",
            "version": "==34.0.2"
        },
        "six": {
            "hash": "sha256:0ff78c403d9bccf5a425a6d31a12aa6b47f1c21ca4dc2573a7e2f32a97335eb1",
            "version": "==1.10.0"
        }
    }
}